
Microsoft Visual Studio Solution File, Format Version 10.00
# Visual Studio 2008
Project("{D183A3D8-5FD8-494B-B014-37F57B35E655}") = "CAMSSytematicUploadPackageNew", "CAMSSytematicUploadPackageNew\CAMSSytematicUploadPackageNew.dtproj", "{7E1122C2-545F-44DD-8B68-A8DB2DF3499D}"
EndProject
Global
	GlobalSection(SolutionConfigurationPlatforms) = preSolution
		Development|Default = Development|Default
	EndGlobalSection
	GlobalSection(ProjectConfigurationPlatforms) = postSolution
		{7E1122C2-545F-44DD-8B68-A8DB2DF3499D}.Development|Default.ActiveCfg = Development
		{7E1122C2-545F-44DD-8B68-A8DB2DF3499D}.Development|Default.Build.0 = Development
	EndGlobalSection
	GlobalSection(SolutionProperties) = preSolution
		HideSolutionNode = FALSE
	EndGlobalSection
EndGlobal
