
Microsoft Visual Studio Solution File, Format Version 10.00
# Visual Studio 2008
Project("{D183A3D8-5FD8-494B-B014-37F57B35E655}") = "KarvyTransactionUploadPackageNew", "KarvyTransactionUploadPackageNew\KarvyTransactionUploadPackageNew.dtproj", "{035E7BF3-CAE7-4B9A-B6E0-7F6A52600BB6}"
EndProject
Global
	GlobalSection(SolutionConfigurationPlatforms) = preSolution
		Development|Default = Development|Default
	EndGlobalSection
	GlobalSection(ProjectConfigurationPlatforms) = postSolution
		{035E7BF3-CAE7-4B9A-B6E0-7F6A52600BB6}.Development|Default.ActiveCfg = Development
		{035E7BF3-CAE7-4B9A-B6E0-7F6A52600BB6}.Development|Default.Build.0 = Development
	EndGlobalSection
	GlobalSection(SolutionProperties) = preSolution
		HideSolutionNode = FALSE
	EndGlobalSection
EndGlobal
