
Microsoft Visual Studio Solution File, Format Version 10.00
# Visual Studio 2008
Project("{D183A3D8-5FD8-494B-B014-37F57B35E655}") = "SundramProfileUploadNew", "SundramProfileUploadNew\SundramProfileUploadNew.dtproj", "{1B2171B0-6871-493D-A519-C26C9A5F19E5}"
EndProject
Global
	GlobalSection(SolutionConfigurationPlatforms) = preSolution
		Development|Default = Development|Default
	EndGlobalSection
	GlobalSection(ProjectConfigurationPlatforms) = postSolution
		{1B2171B0-6871-493D-A519-C26C9A5F19E5}.Development|Default.ActiveCfg = Development
		{1B2171B0-6871-493D-A519-C26C9A5F19E5}.Development|Default.Build.0 = Development
	EndGlobalSection
	GlobalSection(SolutionProperties) = preSolution
		HideSolutionNode = FALSE
	EndGlobalSection
EndGlobal
