
Microsoft Visual Studio Solution File, Format Version 10.00
# Visual Studio 2008
Project("{D183A3D8-5FD8-494B-B014-37F57B35E655}") = "TempletonSIPUploadNewLatest", "TempletonSIPUploadNewLatest\TempletonSIPUploadNewLatest.dtproj", "{9DEBE977-FBF8-405D-847C-1F2FB43DF1EB}"
EndProject
Global
	GlobalSection(SolutionConfigurationPlatforms) = preSolution
		Development|Default = Development|Default
	EndGlobalSection
	GlobalSection(ProjectConfigurationPlatforms) = postSolution
		{9DEBE977-FBF8-405D-847C-1F2FB43DF1EB}.Development|Default.ActiveCfg = Development
		{9DEBE977-FBF8-405D-847C-1F2FB43DF1EB}.Development|Default.Build.0 = Development
	EndGlobalSection
	GlobalSection(SolutionProperties) = preSolution
		HideSolutionNode = FALSE
	EndGlobalSection
EndGlobal
