
Microsoft Visual Studio Solution File, Format Version 10.00
# Visual Studio 2008
Project("{D183A3D8-5FD8-494B-B014-37F57B35E655}") = "SipKarvyUploads", "SipKarvyUploads\SipKarvyUploads.dtproj", "{28266049-A157-4FBC-ACBB-5751F0C54A3F}"
EndProject
Global
	GlobalSection(SolutionConfigurationPlatforms) = preSolution
		Development|Default = Development|Default
	EndGlobalSection
	GlobalSection(ProjectConfigurationPlatforms) = postSolution
		{28266049-A157-4FBC-ACBB-5751F0C54A3F}.Development|Default.ActiveCfg = Development
		{28266049-A157-4FBC-ACBB-5751F0C54A3F}.Development|Default.Build.0 = Development
	EndGlobalSection
	GlobalSection(SolutionProperties) = preSolution
		HideSolutionNode = FALSE
	EndGlobalSection
EndGlobal
