
Microsoft Visual Studio Solution File, Format Version 10.00
# Visual Studio 2008
Project("{D183A3D8-5FD8-494B-B014-37F57B35E655}") = "StandardSIPTransactionsUpload", "StandardSIPTransactionsUpload\StandardSIPTransactionsUpload.dtproj", "{39C88742-CA51-4FCD-A991-5D3BBBAF55DC}"
EndProject
Global
	GlobalSection(SolutionConfigurationPlatforms) = preSolution
		Development|Default = Development|Default
	EndGlobalSection
	GlobalSection(ProjectConfigurationPlatforms) = postSolution
		{39C88742-CA51-4FCD-A991-5D3BBBAF55DC}.Development|Default.ActiveCfg = Development
		{39C88742-CA51-4FCD-A991-5D3BBBAF55DC}.Development|Default.Build.0 = Development
	EndGlobalSection
	GlobalSection(SolutionProperties) = preSolution
		HideSolutionNode = FALSE
	EndGlobalSection
EndGlobal
