
Microsoft Visual Studio Solution File, Format Version 10.00
# Visual Studio 2008
Project("{D183A3D8-5FD8-494B-B014-37F57B35E655}") = "SIPTempletonUpload", "SIPTempletonUpload\SIPTempletonUpload.dtproj", "{3EAB8034-CB47-4558-8087-FBBBADA7E25A}"
EndProject
Global
	GlobalSection(SolutionConfigurationPlatforms) = preSolution
		Development|Default = Development|Default
	EndGlobalSection
	GlobalSection(ProjectConfigurationPlatforms) = postSolution
		{3EAB8034-CB47-4558-8087-FBBBADA7E25A}.Development|Default.ActiveCfg = Development
		{3EAB8034-CB47-4558-8087-FBBBADA7E25A}.Development|Default.Build.0 = Development
	EndGlobalSection
	GlobalSection(SolutionProperties) = preSolution
		HideSolutionNode = FALSE
	EndGlobalSection
EndGlobal
