
Microsoft Visual Studio Solution File, Format Version 9.00
# Visual Studio 2005
Project("{E24C65DC-7377-472B-9ABA-BC803B73C61A}") = "C:\...\WebParts\", "..\WebParts\", "{DEF2B753-7113-4F32-B684-C38A91AEC44A}"
	ProjectSection(WebsiteProperties) = preProject
		Debug.AspNetCompiler.VirtualPath = "/WebParts"
		Debug.AspNetCompiler.PhysicalPath = "..\WebParts\"
		Debug.AspNetCompiler.TargetPath = "PrecompiledWeb\WebParts\"
		Debug.AspNetCompiler.Updateable = "true"
		Debug.AspNetCompiler.ForceOverwrite = "true"
		Debug.AspNetCompiler.FixedNames = "true"
		Debug.AspNetCompiler.Debug = "True"
		Release.AspNetCompiler.VirtualPath = "/WebParts"
		Release.AspNetCompiler.PhysicalPath = "..\WebParts\"
		Release.AspNetCompiler.TargetPath = "PrecompiledWeb\WebParts\"
		Release.AspNetCompiler.Updateable = "true"
		Release.AspNetCompiler.ForceOverwrite = "true"
		Release.AspNetCompiler.FixedNames = "true"
		Release.AspNetCompiler.Debug = "False"
		VWDPort = "2664"
		DefaultWebSiteLanguage = "Visual C#"
	EndProjectSection
EndProject
Global
	GlobalSection(SolutionConfigurationPlatforms) = preSolution
		Debug|.NET = Debug|.NET
	EndGlobalSection
	GlobalSection(ProjectConfigurationPlatforms) = postSolution
		{DEF2B753-7113-4F32-B684-C38A91AEC44A}.Debug|.NET.ActiveCfg = Debug|.NET
		{DEF2B753-7113-4F32-B684-C38A91AEC44A}.Debug|.NET.Build.0 = Debug|.NET
	EndGlobalSection
	GlobalSection(SolutionProperties) = preSolution
		HideSolutionNode = FALSE
	EndGlobalSection
EndGlobal
