
Microsoft Visual Studio Solution File, Format Version 10.00
# Visual Studio 2008
Project("{FAE04EC0-301F-11D3-BF4B-00C04F79EFBC}") = "SendMailAlert", "SendMailAlert\SendMailAlert.csproj", "{FEBBDC3E-262E-44BB-8A72-EC5EE9F89D7B}"
EndProject
Global
	GlobalSection(TeamFoundationVersionControl) = preSolution
		SccNumberOfProjects = 2
		SccEnterpriseProvider = {4CA58AB2-18FA-4F8D-95D4-32DDF27D184C}
		SccTeamFoundationServer = http://moon:8080/tfs/Ampsys%20WealthERP
		SccLocalPath0 = .
		SccProjectUniqueName1 = SendMailAlert\\SendMailAlert.csproj
		SccProjectName1 = SendMailAlert
		SccLocalPath1 = SendMailAlert
	EndGlobalSection
	GlobalSection(SolutionConfigurationPlatforms) = preSolution
		Debug|Any CPU = Debug|Any CPU
		Release|Any CPU = Release|Any CPU
	EndGlobalSection
	GlobalSection(ProjectConfigurationPlatforms) = postSolution
		{FEBBDC3E-262E-44BB-8A72-EC5EE9F89D7B}.Debug|Any CPU.ActiveCfg = Debug|Any CPU
		{FEBBDC3E-262E-44BB-8A72-EC5EE9F89D7B}.Debug|Any CPU.Build.0 = Debug|Any CPU
		{FEBBDC3E-262E-44BB-8A72-EC5EE9F89D7B}.Release|Any CPU.ActiveCfg = Release|Any CPU
		{FEBBDC3E-262E-44BB-8A72-EC5EE9F89D7B}.Release|Any CPU.Build.0 = Release|Any CPU
	EndGlobalSection
	GlobalSection(SolutionProperties) = preSolution
		HideSolutionNode = FALSE
	EndGlobalSection
EndGlobal
